
Microsoft Visual Studio Solution File, Format Version 12.00
# Visual Studio Version 17
VisualStudioVersion = 17.14.37411.7 d17.14
MinimumVisualStudioVersion = 10.0.40219.1
Project("{FAE04EC0-301F-11D3-BF4B-00C04F79EFBC}") = "GameServer", "GameServer\GameServer.csproj", "{498F232D-CDB4-441D-80D2-D1575BE71F0D}"
EndProject
Global
	GlobalSection(SolutionConfigurationPlatforms) = preSolution
		Debug|Any CPU = Debug|Any CPU
		Release|Any CPU = Release|Any CPU
	EndGlobalSection
	GlobalSection(ProjectConfigurationPlatforms) = postSolution
		{498F232D-CDB4-441D-80D2-D1575BE71F0D}.Debug|Any CPU.ActiveCfg = Debug|Any CPU
		{498F232D-CDB4-441D-80D2-D1575BE71F0D}.Debug|Any CPU.Build.0 = Debug|Any CPU
		{498F232D-CDB4-441D-80D2-D1575BE71F0D}.Release|Any CPU.ActiveCfg = Release|Any CPU
		{498F232D-CDB4-441D-80D2-D1575BE71F0D}.Release|Any CPU.Build.0 = Release|Any CPU
	EndGlobalSection
	GlobalSection(SolutionProperties) = preSolution
		HideSolutionNode = FALSE
	EndGlobalSection
	GlobalSection(ExtensibilityGlobals) = postSolution
		SolutionGuid = {1C8669B1-A582-42E1-BCD8-C663E9C77E18}
	EndGlobalSection
EndGlobal
