
Microsoft Visual Studio Solution File, Format Version 11.00
# Visual Studio 2010
Project("{FAE04EC0-301F-11D3-BF4B-00C04F79EFBC}") = "Assembly-CSharp", "Assembly-CSharp.csproj", "{1e2f2f6c-e816-aff9-a0b7-a57cb87ba573}"
EndProject
Project("{FAE04EC0-301F-11D3-BF4B-00C04F79EFBC}") = "Assembly-CSharp-Editor", "Assembly-CSharp-Editor.csproj", "{37ad2aa3-343c-9dc8-2740-160470cd6d37}"
EndProject
Global
	GlobalSection(SolutionConfigurationPlatforms) = preSolution
		Debug|Any CPU = Debug|Any CPU
		Release|Any CPU = Release|Any CPU
	EndGlobalSection
	GlobalSection(ProjectConfigurationPlatforms) = postSolution
		{1e2f2f6c-e816-aff9-a0b7-a57cb87ba573}.Debug|Any CPU.ActiveCfg = Debug|Any CPU
		{1e2f2f6c-e816-aff9-a0b7-a57cb87ba573}.Debug|Any CPU.Build.0 = Debug|Any CPU
		{1e2f2f6c-e816-aff9-a0b7-a57cb87ba573}.Release|Any CPU.ActiveCfg = Release|Any CPU
		{1e2f2f6c-e816-aff9-a0b7-a57cb87ba573}.Release|Any CPU.Build.0 = Release|Any CPU
		{37ad2aa3-343c-9dc8-2740-160470cd6d37}.Debug|Any CPU.ActiveCfg = Debug|Any CPU
		{37ad2aa3-343c-9dc8-2740-160470cd6d37}.Debug|Any CPU.Build.0 = Debug|Any CPU
		{37ad2aa3-343c-9dc8-2740-160470cd6d37}.Release|Any CPU.ActiveCfg = Release|Any CPU
		{37ad2aa3-343c-9dc8-2740-160470cd6d37}.Release|Any CPU.Build.0 = Release|Any CPU
	EndGlobalSection
	GlobalSection(SolutionProperties) = preSolution
		HideSolutionNode = FALSE
	EndGlobalSection
EndGlobal
