
Microsoft Visual Studio Solution File, Format Version 12.00
# Visual Studio Version 17
VisualStudioVersion = 17.7.34024.191
MinimumVisualStudioVersion = 10.0.40219.1
Project("{FAE04EC0-301F-11D3-BF4B-00C04F79EFBC}") = "Server", "Server\Server.csproj", "{16A29AF8-1F56-4852-82F6-A4E58D8A5CB7}"
EndProject
Project("{FAE04EC0-301F-11D3-BF4B-00C04F79EFBC}") = "NetWork", "NetWork\NetWork.csproj", "{5EAF4B3F-B969-4E87-ADC8-C547620DDAAE}"
EndProject
Global
	GlobalSection(SolutionConfigurationPlatforms) = preSolution
		Debug|Any CPU = Debug|Any CPU
		Release|Any CPU = Release|Any CPU
	EndGlobalSection
	GlobalSection(ProjectConfigurationPlatforms) = postSolution
		{16A29AF8-1F56-4852-82F6-A4E58D8A5CB7}.Debug|Any CPU.ActiveCfg = Debug|Any CPU
		{16A29AF8-1F56-4852-82F6-A4E58D8A5CB7}.Debug|Any CPU.Build.0 = Debug|Any CPU
		{16A29AF8-1F56-4852-82F6-A4E58D8A5CB7}.Release|Any CPU.ActiveCfg = Release|Any CPU
		{16A29AF8-1F56-4852-82F6-A4E58D8A5CB7}.Release|Any CPU.Build.0 = Release|Any CPU
		{5EAF4B3F-B969-4E87-ADC8-C547620DDAAE}.Debug|Any CPU.ActiveCfg = Debug|Any CPU
		{5EAF4B3F-B969-4E87-ADC8-C547620DDAAE}.Debug|Any CPU.Build.0 = Debug|Any CPU
		{5EAF4B3F-B969-4E87-ADC8-C547620DDAAE}.Release|Any CPU.ActiveCfg = Release|Any CPU
		{5EAF4B3F-B969-4E87-ADC8-C547620DDAAE}.Release|Any CPU.Build.0 = Release|Any CPU
	EndGlobalSection
	GlobalSection(SolutionProperties) = preSolution
		HideSolutionNode = FALSE
	EndGlobalSection
	GlobalSection(ExtensibilityGlobals) = postSolution
		SolutionGuid = {4E53C551-8F11-47AD-BA28-9DF33079E10C}
	EndGlobalSection
EndGlobal
