
Microsoft Visual Studio Solution File, Format Version 12.00
# Visual Studio Version 16
VisualStudioVersion = 16.0.34931.43
MinimumVisualStudioVersion = 10.0.40219.1
Project("{FAE04EC0-301F-11D3-BF4B-00C04F79EFBC}") = "NetWork", "NetWork\NetWork.csproj", "{1D79059E-1594-4D7C-ADF0-AAB7448F2AAE}"
EndProject
Global
	GlobalSection(SolutionConfigurationPlatforms) = preSolution
		Debug|Any CPU = Debug|Any CPU
		Release|Any CPU = Release|Any CPU
	EndGlobalSection
	GlobalSection(ProjectConfigurationPlatforms) = postSolution
		{1D79059E-1594-4D7C-ADF0-AAB7448F2AAE}.Debug|Any CPU.ActiveCfg = Debug|Any CPU
		{1D79059E-1594-4D7C-ADF0-AAB7448F2AAE}.Debug|Any CPU.Build.0 = Debug|Any CPU
		{1D79059E-1594-4D7C-ADF0-AAB7448F2AAE}.Release|Any CPU.ActiveCfg = Release|Any CPU
		{1D79059E-1594-4D7C-ADF0-AAB7448F2AAE}.Release|Any CPU.Build.0 = Release|Any CPU
	EndGlobalSection
	GlobalSection(SolutionProperties) = preSolution
		HideSolutionNode = FALSE
	EndGlobalSection
	GlobalSection(ExtensibilityGlobals) = postSolution
		SolutionGuid = {45CA56C3-F146-426C-AE52-E922A1B74C61}
	EndGlobalSection
EndGlobal
